// !$*UTF8*$!
{
	archiveVersion = 1;
	classes = {
	};
	objectVersion = 46;
	objects = {

/* Begin PBXBuildFile section */
		5510626A1D5E3439008D10F6 /* AppDelegate.swift in Sources */ = {isa = PBXBuildFile; fileRef = 551062691D5E3439008D10F6 /* AppDelegate.swift */; };
		5510626C1D5E3439008D10F6 /* RadioViewController.swift in Sources */ = {isa = PBXBuildFile; fileRef = 5510626B1D5E3439008D10F6 /* RadioViewController.swift */; };
		5510626F1D5E3439008D10F6 /* Main.storyboard in Resources */ = {isa = PBXBuildFile; fileRef = 5510626D1D5E3439008D10F6 /* Main.storyboard */; };
		551062711D5E3439008D10F6 /* Assets.xcassets in Resources */ = {isa = PBXBuildFile; fileRef = 551062701D5E3439008D10F6 /* Assets.xcassets */; };
		5510627F1D5E3439008D10F6 /* VolnaTests.swift in Sources */ = {isa = PBXBuildFile; fileRef = 5510627E1D5E3439008D10F6 /* VolnaTests.swift */; };
		5510628A1D5E3439008D10F6 /* VolnaUITests.swift in Sources */ = {isa = PBXBuildFile; fileRef = 551062891D5E3439008D10F6 /* VolnaUITests.swift */; };
		558661491D8340240005285B /* MediaPlayer.framework in Frameworks */ = {isa = PBXBuildFile; fileRef = 558661451D833A540005285B /* MediaPlayer.framework */; };
		5586614A1D83402B0005285B /* AVFoundation.framework in Frameworks */ = {isa = PBXBuildFile; fileRef = 558661471D833ACD0005285B /* AVFoundation.framework */; };
		8EFA1376D7DBE032AFD25C8C /* Pods_VolnaTests.framework in Frameworks */ = {isa = PBXBuildFile; fileRef = 2526A7B5837291F45AB73302 /* Pods_VolnaTests.framework */; };
		AA26733D1E635F94000C6DA5 /* GoogleService-Info.plist in Resources */ = {isa = PBXBuildFile; fileRef = AA26733C1E635F94000C6DA5 /* GoogleService-Info.plist */; };
		AA4DC2DB1E574814000A642E /* BarView.swift in Sources */ = {isa = PBXBuildFile; fileRef = AA4DC2DA1E574814000A642E /* BarView.swift */; };
		AA4DC2DF1E5753AF000A642E /* CALayerExtension.swift in Sources */ = {isa = PBXBuildFile; fileRef = AA4DC2DE1E5753AF000A642E /* CALayerExtension.swift */; };
		AA4DC2E11E5754A1000A642E /* BottomBar.swift in Sources */ = {isa = PBXBuildFile; fileRef = AA4DC2E01E5754A1000A642E /* BottomBar.swift */; };
		AA4DC2E31E5757B1000A642E /* TopBar.swift in Sources */ = {isa = PBXBuildFile; fileRef = AA4DC2E21E5757B1000A642E /* TopBar.swift */; };
		AA4DC2E51E5758BA000A642E /* Colors.swift in Sources */ = {isa = PBXBuildFile; fileRef = AA4DC2E41E5758BA000A642E /* Colors.swift */; };
		AA4DC2E71E577168000A642E /* ImageCache.swift in Sources */ = {isa = PBXBuildFile; fileRef = AA4DC2E61E577168000A642E /* ImageCache.swift */; };
		AA4DC3051E577F55000A642E /* FullResImage.swift in Sources */ = {isa = PBXBuildFile; fileRef = AA4DC3011E577F55000A642E /* FullResImage.swift */; };
		AA4DC3061E577F55000A642E /* FullResImage+CoreDataProperties.swift in Sources */ = {isa = PBXBuildFile; fileRef = AA4DC3021E577F55000A642E /* FullResImage+CoreDataProperties.swift */; };
		AA4DC3071E577F55000A642E /* Thumbnail.swift in Sources */ = {isa = PBXBuildFile; fileRef = AA4DC3031E577F55000A642E /* Thumbnail.swift */; };
		AA4DC3081E577F55000A642E /* Thumbnail+CoreDataProperties.swift in Sources */ = {isa = PBXBuildFile; fileRef = AA4DC3041E577F55000A642E /* Thumbnail+CoreDataProperties.swift */; };
		AA4DC30A1E57BEC1000A642E /* StringExtension.swift in Sources */ = {isa = PBXBuildFile; fileRef = AA4DC3091E57BEC1000A642E /* StringExtension.swift */; };
		AA4DC30E1E58C2DE000A642E /* RequestMaker.swift in Sources */ = {isa = PBXBuildFile; fileRef = AA4DC30D1E58C2DE000A642E /* RequestMaker.swift */; };
		AA4DC3111E58C868000A642E /* Constants.swift in Sources */ = {isa = PBXBuildFile; fileRef = AA4DC3101E58C868000A642E /* Constants.swift */; };
		AA4DC3131E58CB6F000A642E /* DataHandler.swift in Sources */ = {isa = PBXBuildFile; fileRef = AA4DC3121E58CB6F000A642E /* DataHandler.swift */; };
		AA56777A1D99D77A0084EBCE /* RadioPlayer.swift in Sources */ = {isa = PBXBuildFile; fileRef = AA5677791D99D77A0084EBCE /* RadioPlayer.swift */; };
		AA6FB2DC1E3555F600FE99B4 /* StationCollectionViewCell.swift in Sources */ = {isa = PBXBuildFile; fileRef = AA6FB2DB1E3555F600FE99B4 /* StationCollectionViewCell.swift */; };
		AAD40F151E2DA5B800FFA58E /* Schema.xcdatamodeld in Sources */ = {isa = PBXBuildFile; fileRef = AAD40F131E2DA5B800FFA58E /* Schema.xcdatamodeld */; };
		AAD40F2A1E2DA9D300FFA58E /* RadioStation.swift in Sources */ = {isa = PBXBuildFile; fileRef = AAD40F261E2DA9D300FFA58E /* RadioStation.swift */; };
		AAD40F2B1E2DA9D300FFA58E /* RadioStation+CoreDataProperties.swift in Sources */ = {isa = PBXBuildFile; fileRef = AAD40F271E2DA9D300FFA58E /* RadioStation+CoreDataProperties.swift */; };
		AAD40F2C1E2DA9D300FFA58E /* User.swift in Sources */ = {isa = PBXBuildFile; fileRef = AAD40F281E2DA9D300FFA58E /* User.swift */; };
		AAD40F2D1E2DA9D300FFA58E /* User+CoreDataProperties.swift in Sources */ = {isa = PBXBuildFile; fileRef = AAD40F291E2DA9D300FFA58E /* User+CoreDataProperties.swift */; };
		AAE01CD11E3E69C500153BA9 /* UIImageExtension.swift in Sources */ = {isa = PBXBuildFile; fileRef = AAE01CD01E3E69C500153BA9 /* UIImageExtension.swift */; };
		AAF2319C1E2D5EF500564178 /* SplashViewController.swift in Sources */ = {isa = PBXBuildFile; fileRef = AAF2319B1E2D5EF500564178 /* SplashViewController.swift */; };
		C9A0B81456349FA9DE65A4AA /* Pods_Volna.framework in Frameworks */ = {isa = PBXBuildFile; fileRef = 001E909BDAC318FA44846678 /* Pods_Volna.framework */; };
		D5697DFE385DC8AD5A91A205 /* Pods_VolnaUITests.framework in Frameworks */ = {isa = PBXBuildFile; fileRef = 711387E0380F1D0D9141B3C7 /* Pods_VolnaUITests.framework */; };
/* End PBXBuildFile section */

/* Begin PBXContainerItemProxy section */
		5510627B1D5E3439008D10F6 /* PBXContainerItemProxy */ = {
			isa = PBXContainerItemProxy;
			containerPortal = 5510625E1D5E3439008D10F6 /* Project object */;
			proxyType = 1;
			remoteGlobalIDString = 551062651D5E3439008D10F6;
			remoteInfo = Volna;
		};
		551062861D5E3439008D10F6 /* PBXContainerItemProxy */ = {
			isa = PBXContainerItemProxy;
			containerPortal = 5510625E1D5E3439008D10F6 /* Project object */;
			proxyType = 1;
			remoteGlobalIDString = 551062651D5E3439008D10F6;
			remoteInfo = Volna;
		};
/* End PBXContainerItemProxy section */

/* Begin PBXFileReference section */
		001E909BDAC318FA44846678 /* Pods_Volna.framework */ = {isa = PBXFileReference; explicitFileType = wrapper.framework; includeInIndex = 0; path = Pods_Volna.framework; sourceTree = BUILT_PRODUCTS_DIR; };
		1E5747AC1F146FF58426CD81 /* Pods-VolnaTests.release.xcconfig */ = {isa = PBXFileReference; includeInIndex = 1; lastKnownFileType = text.xcconfig; name = "Pods-VolnaTests.release.xcconfig"; path = "Pods/Target Support Files/Pods-VolnaTests/Pods-VolnaTests.release.xcconfig"; sourceTree = "<group>"; };
		2526A7B5837291F45AB73302 /* Pods_VolnaTests.framework */ = {isa = PBXFileReference; explicitFileType = wrapper.framework; includeInIndex = 0; path = Pods_VolnaTests.framework; sourceTree = BUILT_PRODUCTS_DIR; };
		38DB9355A609CF842B5BC41E /* Pods-VolnaUITests.debug.xcconfig */ = {isa = PBXFileReference; includeInIndex = 1; lastKnownFileType = text.xcconfig; name = "Pods-VolnaUITests.debug.xcconfig"; path = "Pods/Target Support Files/Pods-VolnaUITests/Pods-VolnaUITests.debug.xcconfig"; sourceTree = "<group>"; };
		551062661D5E3439008D10F6 /* Volna.app */ = {isa = PBXFileReference; explicitFileType = wrapper.application; includeInIndex = 0; path = Volna.app; sourceTree = BUILT_PRODUCTS_DIR; };
		551062691D5E3439008D10F6 /* AppDelegate.swift */ = {isa = PBXFileReference; lastKnownFileType = sourcecode.swift; path = AppDelegate.swift; sourceTree = "<group>"; };
		5510626B1D5E3439008D10F6 /* RadioViewController.swift */ = {isa = PBXFileReference; lastKnownFileType = sourcecode.swift; path = RadioViewController.swift; sourceTree = "<group>"; };
		5510626E1D5E3439008D10F6 /* Base */ = {isa = PBXFileReference; lastKnownFileType = file.storyboard; name = Base; path = Base.lproj/Main.storyboard; sourceTree = "<group>"; };
		551062701D5E3439008D10F6 /* Assets.xcassets */ = {isa = PBXFileReference; lastKnownFileType = folder.assetcatalog; path = Assets.xcassets; sourceTree = "<group>"; };
		551062751D5E3439008D10F6 /* Info.plist */ = {isa = PBXFileReference; lastKnownFileType = text.plist.xml; path = Info.plist; sourceTree = "<group>"; };
		5510627A1D5E3439008D10F6 /* VolnaTests.xctest */ = {isa = PBXFileReference; explicitFileType = wrapper.cfbundle; includeInIndex = 0; path = VolnaTests.xctest; sourceTree = BUILT_PRODUCTS_DIR; };
		5510627E1D5E3439008D10F6 /* VolnaTests.swift */ = {isa = PBXFileReference; lastKnownFileType = sourcecode.swift; path = VolnaTests.swift; sourceTree = "<group>"; };
		551062801D5E3439008D10F6 /* Info.plist */ = {isa = PBXFileReference; lastKnownFileType = text.plist.xml; path = Info.plist; sourceTree = "<group>"; };
		551062851D5E3439008D10F6 /* VolnaUITests.xctest */ = {isa = PBXFileReference; explicitFileType = wrapper.cfbundle; includeInIndex = 0; path = VolnaUITests.xctest; sourceTree = BUILT_PRODUCTS_DIR; };
		551062891D5E3439008D10F6 /* VolnaUITests.swift */ = {isa = PBXFileReference; lastKnownFileType = sourcecode.swift; path = VolnaUITests.swift; sourceTree = "<group>"; };
		5510628B1D5E3439008D10F6 /* Info.plist */ = {isa = PBXFileReference; lastKnownFileType = text.plist.xml; path = Info.plist; sourceTree = "<group>"; };
		558661451D833A540005285B /* MediaPlayer.framework */ = {isa = PBXFileReference; lastKnownFileType = wrapper.framework; name = MediaPlayer.framework; path = System/Library/Frameworks/MediaPlayer.framework; sourceTree = SDKROOT; };
		558661471D833ACD0005285B /* AVFoundation.framework */ = {isa = PBXFileReference; lastKnownFileType = wrapper.framework; name = AVFoundation.framework; path = System/Library/Frameworks/AVFoundation.framework; sourceTree = SDKROOT; };
		711387E0380F1D0D9141B3C7 /* Pods_VolnaUITests.framework */ = {isa = PBXFileReference; explicitFileType = wrapper.framework; includeInIndex = 0; path = Pods_VolnaUITests.framework; sourceTree = BUILT_PRODUCTS_DIR; };
		73D25C3D4C24524985841E23 /* Pods-Volna.debug.xcconfig */ = {isa = PBXFileReference; includeInIndex = 1; lastKnownFileType = text.xcconfig; name = "Pods-Volna.debug.xcconfig"; path = "Pods/Target Support Files/Pods-Volna/Pods-Volna.debug.xcconfig"; sourceTree = "<group>"; };
		8AFD7E10569DEB8255C89C8A /* Pods-VolnaTests.debug.xcconfig */ = {isa = PBXFileReference; includeInIndex = 1; lastKnownFileType = text.xcconfig; name = "Pods-VolnaTests.debug.xcconfig"; path = "Pods/Target Support Files/Pods-VolnaTests/Pods-VolnaTests.debug.xcconfig"; sourceTree = "<group>"; };
		A5CEC27A3CA45CEF3551688A /* Pods-Volna.release.xcconfig */ = {isa = PBXFileReference; includeInIndex = 1; lastKnownFileType = text.xcconfig; name = "Pods-Volna.release.xcconfig"; path = "Pods/Target Support Files/Pods-Volna/Pods-Volna.release.xcconfig"; sourceTree = "<group>"; };
		AA26733C1E635F94000C6DA5 /* GoogleService-Info.plist */ = {isa = PBXFileReference; fileEncoding = 4; lastKnownFileType = text.plist.xml; path = "GoogleService-Info.plist"; sourceTree = "<group>"; };
		AA4DC2DA1E574814000A642E /* BarView.swift */ = {isa = PBXFileReference; fileEncoding = 4; lastKnownFileType = sourcecode.swift; path = BarView.swift; sourceTree = "<group>"; };
		AA4DC2DE1E5753AF000A642E /* CALayerExtension.swift */ = {isa = PBXFileReference; fileEncoding = 4; lastKnownFileType = sourcecode.swift; path = CALayerExtension.swift; sourceTree = "<group>"; };
		AA4DC2E01E5754A1000A642E /* BottomBar.swift */ = {isa = PBXFileReference; fileEncoding = 4; lastKnownFileType = sourcecode.swift; path = BottomBar.swift; sourceTree = "<group>"; };
		AA4DC2E21E5757B1000A642E /* TopBar.swift */ = {isa = PBXFileReference; fileEncoding = 4; lastKnownFileType = sourcecode.swift; path = TopBar.swift; sourceTree = "<group>"; };
		AA4DC2E41E5758BA000A642E /* Colors.swift */ = {isa = PBXFileReference; fileEncoding = 4; lastKnownFileType = sourcecode.swift; path = Colors.swift; sourceTree = "<group>"; };
		AA4DC2E61E577168000A642E /* ImageCache.swift */ = {isa = PBXFileReference; fileEncoding = 4; lastKnownFileType = sourcecode.swift; path = ImageCache.swift; sourceTree = "<group>"; };
		AA4DC3011E577F55000A642E /* FullResImage.swift */ = {isa = PBXFileReference; fileEncoding = 4; lastKnownFileType = sourcecode.swift; path = FullResImage.swift; sourceTree = "<group>"; };
		AA4DC3021E577F55000A642E /* FullResImage+CoreDataProperties.swift */ = {isa = PBXFileReference; fileEncoding = 4; lastKnownFileType = sourcecode.swift; path = "FullResImage+CoreDataProperties.swift"; sourceTree = "<group>"; };
		AA4DC3031E577F55000A642E /* Thumbnail.swift */ = {isa = PBXFileReference; fileEncoding = 4; lastKnownFileType = sourcecode.swift; path = Thumbnail.swift; sourceTree = "<group>"; };
		AA4DC3041E577F55000A642E /* Thumbnail+CoreDataProperties.swift */ = {isa = PBXFileReference; fileEncoding = 4; lastKnownFileType = sourcecode.swift; path = "Thumbnail+CoreDataProperties.swift"; sourceTree = "<group>"; };
		AA4DC3091E57BEC1000A642E /* StringExtension.swift */ = {isa = PBXFileReference; fileEncoding = 4; lastKnownFileType = sourcecode.swift; path = StringExtension.swift; sourceTree = "<group>"; };
		AA4DC30D1E58C2DE000A642E /* RequestMaker.swift */ = {isa = PBXFileReference; fileEncoding = 4; lastKnownFileType = sourcecode.swift; path = RequestMaker.swift; sourceTree = "<group>"; };
		AA4DC3101E58C868000A642E /* Constants.swift */ = {isa = PBXFileReference; fileEncoding = 4; lastKnownFileType = sourcecode.swift; path = Constants.swift; sourceTree = "<group>"; };
		AA4DC3121E58CB6F000A642E /* DataHandler.swift */ = {isa = PBXFileReference; fileEncoding = 4; lastKnownFileType = sourcecode.swift; path = DataHandler.swift; sourceTree = "<group>"; };
		AA5677791D99D77A0084EBCE /* RadioPlayer.swift */ = {isa = PBXFileReference; fileEncoding = 4; lastKnownFileType = sourcecode.swift; path = RadioPlayer.swift; sourceTree = "<group>"; };
		AA6FB2DB1E3555F600FE99B4 /* StationCollectionViewCell.swift */ = {isa = PBXFileReference; fileEncoding = 4; lastKnownFileType = sourcecode.swift; path = StationCollectionViewCell.swift; sourceTree = "<group>"; };
		AAD40F141E2DA5B800FFA58E /* Schema.xcdatamodel */ = {isa = PBXFileReference; lastKnownFileType = wrapper.xcdatamodel; path = Schema.xcdatamodel; sourceTree = "<group>"; };
		AAD40F261E2DA9D300FFA58E /* RadioStation.swift */ = {isa = PBXFileReference; fileEncoding = 4; lastKnownFileType = sourcecode.swift; path = RadioStation.swift; sourceTree = "<group>"; };
		AAD40F271E2DA9D300FFA58E /* RadioStation+CoreDataProperties.swift */ = {isa = PBXFileReference; fileEncoding = 4; lastKnownFileType = sourcecode.swift; path = "RadioStation+CoreDataProperties.swift"; sourceTree = "<group>"; };
		AAD40F281E2DA9D300FFA58E /* User.swift */ = {isa = PBXFileReference; fileEncoding = 4; lastKnownFileType = sourcecode.swift; path = User.swift; sourceTree = "<group>"; };
		AAD40F291E2DA9D300FFA58E /* User+CoreDataProperties.swift */ = {isa = PBXFileReference; fileEncoding = 4; lastKnownFileType = sourcecode.swift; path = "User+CoreDataProperties.swift"; sourceTree = "<group>"; };
		AAE01CD01E3E69C500153BA9 /* UIImageExtension.swift */ = {isa = PBXFileReference; fileEncoding = 4; lastKnownFileType = sourcecode.swift; path = UIImageExtension.swift; sourceTree = "<group>"; };
		AAF2319B1E2D5EF500564178 /* SplashViewController.swift */ = {isa = PBXFileReference; fileEncoding = 4; lastKnownFileType = sourcecode.swift; path = SplashViewController.swift; sourceTree = "<group>"; };
		D2FA73118DEE68E0DA308B50 /* Pods-VolnaUITests.release.xcconfig */ = {isa = PBXFileReference; includeInIndex = 1; lastKnownFileType = text.xcconfig; name = "Pods-VolnaUITests.release.xcconfig"; path = "Pods/Target Support Files/Pods-VolnaUITests/Pods-VolnaUITests.release.xcconfig"; sourceTree = "<group>"; };
/* End PBXFileReference section */

/* Begin PBXFrameworksBuildPhase section */
		551062631D5E3439008D10F6 /* Frameworks */ = {
			isa = PBXFrameworksBuildPhase;
			buildActionMask = 2147483647;
			files = (
				5586614A1D83402B0005285B /* AVFoundation.framework in Frameworks */,
				558661491D8340240005285B /* MediaPlayer.framework in Frameworks */,
				C9A0B81456349FA9DE65A4AA /* Pods_Volna.framework in Frameworks */,
			);
			runOnlyForDeploymentPostprocessing = 0;
		};
		551062771D5E3439008D10F6 /* Frameworks */ = {
			isa = PBXFrameworksBuildPhase;
			buildActionMask = 2147483647;
			files = (
				8EFA1376D7DBE032AFD25C8C /* Pods_VolnaTests.framework in Frameworks */,
			);
			runOnlyForDeploymentPostprocessing = 0;
		};
		551062821D5E3439008D10F6 /* Frameworks */ = {
			isa = PBXFrameworksBuildPhase;
			buildActionMask = 2147483647;
			files = (
				D5697DFE385DC8AD5A91A205 /* Pods_VolnaUITests.framework in Frameworks */,
			);
			runOnlyForDeploymentPostprocessing = 0;
		};
/* End PBXFrameworksBuildPhase section */

/* Begin PBXGroup section */
		5510625D1D5E3439008D10F6 = {
			isa = PBXGroup;
			children = (
				558661471D833ACD0005285B /* AVFoundation.framework */,
				558661451D833A540005285B /* MediaPlayer.framework */,
				551062681D5E3439008D10F6 /* Volna */,
				5510627D1D5E3439008D10F6 /* VolnaTests */,
				551062881D5E3439008D10F6 /* VolnaUITests */,
				551062671D5E3439008D10F6 /* Products */,
				8F4D43BB85A082DAD9AA88E7 /* Pods */,
				A5709F8890B26B4CAE096016 /* Frameworks */,
			);
			sourceTree = "<group>";
		};
		551062671D5E3439008D10F6 /* Products */ = {
			isa = PBXGroup;
			children = (
				551062661D5E3439008D10F6 /* Volna.app */,
				5510627A1D5E3439008D10F6 /* VolnaTests.xctest */,
				551062851D5E3439008D10F6 /* VolnaUITests.xctest */,
			);
			name = Products;
			sourceTree = "<group>";
		};
		551062681D5E3439008D10F6 /* Volna */ = {
			isa = PBXGroup;
			children = (
				AA4DC2D91E5747AD000A642E /* Views */,
				AAD40F2E1E2DAA0900FFA58E /* Core Data */,
				AA6FB2DB1E3555F600FE99B4 /* StationCollectionViewCell.swift */,
				AAF2319B1E2D5EF500564178 /* SplashViewController.swift */,
				AA4DC30F1E58C2F7000A642E /* Services */,
				AA5677791D99D77A0084EBCE /* RadioPlayer.swift */,
				551062691D5E3439008D10F6 /* AppDelegate.swift */,
				5510626B1D5E3439008D10F6 /* RadioViewController.swift */,
				AA4DC2D81E574786000A642E /* Util */,
				5510626D1D5E3439008D10F6 /* Main.storyboard */,
				558661421D8303F80005285B /* Supporting Files */,
				AA4DC2E41E5758BA000A642E /* Colors.swift */,
				AA4DC3101E58C868000A642E /* Constants.swift */,
				AA4DC2E61E577168000A642E /* ImageCache.swift */,
			);
			path = Volna;
			sourceTree = "<group>";
		};
		5510627D1D5E3439008D10F6 /* VolnaTests */ = {
			isa = PBXGroup;
			children = (
				5510627E1D5E3439008D10F6 /* VolnaTests.swift */,
				551062801D5E3439008D10F6 /* Info.plist */,
			);
			path = VolnaTests;
			sourceTree = "<group>";
		};
		551062881D5E3439008D10F6 /* VolnaUITests */ = {
			isa = PBXGroup;
			children = (
				551062891D5E3439008D10F6 /* VolnaUITests.swift */,
				5510628B1D5E3439008D10F6 /* Info.plist */,
			);
			path = VolnaUITests;
			sourceTree = "<group>";
		};
		558661421D8303F80005285B /* Supporting Files */ = {
			isa = PBXGroup;
			children = (
				551062701D5E3439008D10F6 /* Assets.xcassets */,
				AA26733C1E635F94000C6DA5 /* GoogleService-Info.plist */,
				551062751D5E3439008D10F6 /* Info.plist */,
			);
			name = "Supporting Files";
			sourceTree = "<group>";
		};
		8F4D43BB85A082DAD9AA88E7 /* Pods */ = {
			isa = PBXGroup;
			children = (
				73D25C3D4C24524985841E23 /* Pods-Volna.debug.xcconfig */,
				A5CEC27A3CA45CEF3551688A /* Pods-Volna.release.xcconfig */,
				8AFD7E10569DEB8255C89C8A /* Pods-VolnaTests.debug.xcconfig */,
				1E5747AC1F146FF58426CD81 /* Pods-VolnaTests.release.xcconfig */,
				38DB9355A609CF842B5BC41E /* Pods-VolnaUITests.debug.xcconfig */,
				D2FA73118DEE68E0DA308B50 /* Pods-VolnaUITests.release.xcconfig */,
			);
			name = Pods;
			sourceTree = "<group>";
		};
		A5709F8890B26B4CAE096016 /* Frameworks */ = {
			isa = PBXGroup;
			children = (
				001E909BDAC318FA44846678 /* Pods_Volna.framework */,
				2526A7B5837291F45AB73302 /* Pods_VolnaTests.framework */,
				711387E0380F1D0D9141B3C7 /* Pods_VolnaUITests.framework */,
			);
			name = Frameworks;
			sourceTree = "<group>";
		};
		AA4DC2D81E574786000A642E /* Util */ = {
			isa = PBXGroup;
			children = (
				AAE01CD01E3E69C500153BA9 /* UIImageExtension.swift */,
				AA4DC2DE1E5753AF000A642E /* CALayerExtension.swift */,
				AA4DC3091E57BEC1000A642E /* StringExtension.swift */,
			);
			name = Util;
			sourceTree = "<group>";
		};
		AA4DC2D91E5747AD000A642E /* Views */ = {
			isa = PBXGroup;
			children = (
				AA4DC2DA1E574814000A642E /* BarView.swift */,
				AA4DC2E01E5754A1000A642E /* BottomBar.swift */,
				AA4DC2E21E5757B1000A642E /* TopBar.swift */,
			);
			name = Views;
			sourceTree = "<group>";
		};
		AA4DC30F1E58C2F7000A642E /* Services */ = {
			isa = PBXGroup;
			children = (
				AA4DC30D1E58C2DE000A642E /* RequestMaker.swift */,
				AA4DC3121E58CB6F000A642E /* DataHandler.swift */,
			);
			name = Services;
			sourceTree = "<group>";
		};
		AAD40F2E1E2DAA0900FFA58E /* Core Data */ = {
			isa = PBXGroup;
			children = (
				AA4DC3011E577F55000A642E /* FullResImage.swift */,
				AA4DC3021E577F55000A642E /* FullResImage+CoreDataProperties.swift */,
				AA4DC3031E577F55000A642E /* Thumbnail.swift */,
				AA4DC3041E577F55000A642E /* Thumbnail+CoreDataProperties.swift */,
				AAD40F261E2DA9D300FFA58E /* RadioStation.swift */,
				AAD40F271E2DA9D300FFA58E /* RadioStation+CoreDataProperties.swift */,
				AAD40F281E2DA9D300FFA58E /* User.swift */,
				AAD40F291E2DA9D300FFA58E /* User+CoreDataProperties.swift */,
				AAD40F131E2DA5B800FFA58E /* Schema.xcdatamodeld */,
			);
			name = "Core Data";
			sourceTree = "<group>";
		};
/* End PBXGroup section */

/* Begin PBXNativeTarget section */
		551062651D5E3439008D10F6 /* Volna */ = {
			isa = PBXNativeTarget;
			buildConfigurationList = 5510628E1D5E3439008D10F6 /* Build configuration list for PBXNativeTarget "Volna" */;
			buildPhases = (
				CA2EBF6F6320A4DC6FAE4AA5 /* [CP] Check Pods Manifest.lock */,
				551062621D5E3439008D10F6 /* Sources */,
				551062631D5E3439008D10F6 /* Frameworks */,
				551062641D5E3439008D10F6 /* Resources */,
				3D84E3BFCC60140A0DC1AFE5 /* [CP] Embed Pods Frameworks */,
				20B858CCD44E773B3B571FEA /* [CP] Copy Pods Resources */,
			);
			buildRules = (
			);
			dependencies = (
			);
			name = Volna;
			productName = Volna;
			productReference = 551062661D5E3439008D10F6 /* Volna.app */;
			productType = "com.apple.product-type.application";
		};
		551062791D5E3439008D10F6 /* VolnaTests */ = {
			isa = PBXNativeTarget;
			buildConfigurationList = 551062911D5E3439008D10F6 /* Build configuration list for PBXNativeTarget "VolnaTests" */;
			buildPhases = (
				856B4C149B5A281F67DED9F2 /* [CP] Check Pods Manifest.lock */,
				551062761D5E3439008D10F6 /* Sources */,
				551062771D5E3439008D10F6 /* Frameworks */,
				551062781D5E3439008D10F6 /* Resources */,
				A4A923EA79D60713E7D51341 /* [CP] Embed Pods Frameworks */,
				CBF01BB22B16153CE108E430 /* [CP] Copy Pods Resources */,
			);
			buildRules = (
			);
			dependencies = (
				5510627C1D5E3439008D10F6 /* PBXTargetDependency */,
			);
			name = VolnaTests;
			productName = VolnaTests;
			productReference = 5510627A1D5E3439008D10F6 /* VolnaTests.xctest */;
			productType = "com.apple.product-type.bundle.unit-test";
		};
		551062841D5E3439008D10F6 /* VolnaUITests */ = {
			isa = PBXNativeTarget;
			buildConfigurationList = 551062941D5E3439008D10F6 /* Build configuration list for PBXNativeTarget "VolnaUITests" */;
			buildPhases = (
				EF34EFD15154161ABBCFADDC /* [CP] Check Pods Manifest.lock */,
				551062811D5E3439008D10F6 /* Sources */,
				551062821D5E3439008D10F6 /* Frameworks */,
				551062831D5E3439008D10F6 /* Resources */,
				4F3D7C0E208381E576F4BD02 /* [CP] Embed Pods Frameworks */,
				DCD511CDB7CCC24B05C18F3D /* [CP] Copy Pods Resources */,
			);
			buildRules = (
			);
			dependencies = (
				551062871D5E3439008D10F6 /* PBXTargetDependency */,
			);
			name = VolnaUITests;
			productName = VolnaUITests;
			productReference = 551062851D5E3439008D10F6 /* VolnaUITests.xctest */;
			productType = "com.apple.product-type.bundle.ui-testing";
		};
/* End PBXNativeTarget section */

/* Begin PBXProject section */
		5510625E1D5E3439008D10F6 /* Project object */ = {
			isa = PBXProject;
			attributes = {
				LastSwiftUpdateCheck = 0730;
				LastUpgradeCheck = 0800;
				ORGANIZATIONNAME = "Artem Malyshev";
				TargetAttributes = {
					551062651D5E3439008D10F6 = {
						CreatedOnToolsVersion = 7.3.1;
						DevelopmentTeam = GBJ2RBF453;
						LastSwiftMigration = 0810;
					};
					551062791D5E3439008D10F6 = {
						CreatedOnToolsVersion = 7.3.1;
						LastSwiftMigration = 0810;
						TestTargetID = 551062651D5E3439008D10F6;
					};
					551062841D5E3439008D10F6 = {
						CreatedOnToolsVersion = 7.3.1;
						LastSwiftMigration = 0810;
						TestTargetID = 551062651D5E3439008D10F6;
					};
				};
			};
			buildConfigurationList = 551062611D5E3439008D10F6 /* Build configuration list for PBXProject "Volna" */;
			compatibilityVersion = "Xcode 3.2";
			developmentRegion = English;
			hasScannedForEncodings = 0;
			knownRegions = (
				en,
				Base,
			);
			mainGroup = 5510625D1D5E3439008D10F6;
			productRefGroup = 551062671D5E3439008D10F6 /* Products */;
			projectDirPath = "";
			projectRoot = "";
			targets = (
				551062651D5E3439008D10F6 /* Volna */,
				551062791D5E3439008D10F6 /* VolnaTests */,
				551062841D5E3439008D10F6 /* VolnaUITests */,
			);
		};
/* End PBXProject section */

/* Begin PBXResourcesBuildPhase section */
		551062641D5E3439008D10F6 /* Resources */ = {
			isa = PBXResourcesBuildPhase;
			buildActionMask = 2147483647;
			files = (
				551062711D5E3439008D10F6 /* Assets.xcassets in Resources */,
				5510626F1D5E3439008D10F6 /* Main.storyboard in Resources */,
				AA26733D1E635F94000C6DA5 /* GoogleService-Info.plist in Resources */,
			);
			runOnlyForDeploymentPostprocessing = 0;
		};
		551062781D5E3439008D10F6 /* Resources */ = {
			isa = PBXResourcesBuildPhase;
			buildActionMask = 2147483647;
			files = (
			);
			runOnlyForDeploymentPostprocessing = 0;
		};
		551062831D5E3439008D10F6 /* Resources */ = {
			isa = PBXResourcesBuildPhase;
			buildActionMask = 2147483647;
			files = (
			);
			runOnlyForDeploymentPostprocessing = 0;
		};
/* End PBXResourcesBuildPhase section */

/* Begin PBXShellScriptBuildPhase section */
		20B858CCD44E773B3B571FEA /* [CP] Copy Pods Resources */ = {
			isa = PBXShellScriptBuildPhase;
			buildActionMask = 2147483647;
			files = (
			);
			inputPaths = (
			);
			name = "[CP] Copy Pods Resources";
			outputPaths = (
			);
			runOnlyForDeploymentPostprocessing = 0;
			shellPath = /bin/sh;
			shellScript = "\"${SRCROOT}/Pods/Target Support Files/Pods-Volna/Pods-Volna-resources.sh\"\n";
			showEnvVarsInLog = 0;
		};
		3D84E3BFCC60140A0DC1AFE5 /* [CP] Embed Pods Frameworks */ = {
			isa = PBXShellScriptBuildPhase;
			buildActionMask = 2147483647;
			files = (
			);
			inputPaths = (
			);
			name = "[CP] Embed Pods Frameworks";
			outputPaths = (
			);
			runOnlyForDeploymentPostprocessing = 0;
			shellPath = /bin/sh;
			shellScript = "\"${SRCROOT}/Pods/Target Support Files/Pods-Volna/Pods-Volna-frameworks.sh\"\n";
			showEnvVarsInLog = 0;
		};
		4F3D7C0E208381E576F4BD02 /* [CP] Embed Pods Frameworks */ = {
			isa = PBXShellScriptBuildPhase;
			buildActionMask = 2147483647;
			files = (
			);
			inputPaths = (
			);
			name = "[CP] Embed Pods Frameworks";
			outputPaths = (
			);
			runOnlyForDeploymentPostprocessing = 0;
			shellPath = /bin/sh;
			shellScript = "\"${SRCROOT}/Pods/Target Support Files/Pods-VolnaUITests/Pods-VolnaUITests-frameworks.sh\"\n";
			showEnvVarsInLog = 0;
		};
		856B4C149B5A281F67DED9F2 /* [CP] Check Pods Manifest.lock */ = {
			isa = PBXShellScriptBuildPhase;
			buildActionMask = 2147483647;
			files = (
			);
			inputPaths = (
			);
			name = "[CP] Check Pods Manifest.lock";
			outputPaths = (
			);
			runOnlyForDeploymentPostprocessing = 0;
			shellPath = /bin/sh;
			shellScript = "diff \"${PODS_ROOT}/../Podfile.lock\" \"${PODS_ROOT}/Manifest.lock\" > /dev/null\nif [ $? != 0 ] ; then\n    # print error to STDERR\n    echo \"error: The sandbox is not in sync with the Podfile.lock. Run 'pod install' or update your CocoaPods installation.\" >&2\n    exit 1\nfi\n";
			showEnvVarsInLog = 0;
		};
		A4A923EA79D60713E7D51341 /* [CP] Embed Pods Frameworks */ = {
			isa = PBXShellScriptBuildPhase;
			buildActionMask = 2147483647;
			files = (
			);
			inputPaths = (
			);
			name = "[CP] Embed Pods Frameworks";
			outputPaths = (
			);
			runOnlyForDeploymentPostprocessing = 0;
			shellPath = /bin/sh;
			shellScript = "\"${SRCROOT}/Pods/Target Support Files/Pods-VolnaTests/Pods-VolnaTests-frameworks.sh\"\n";
			showEnvVarsInLog = 0;
		};
		CA2EBF6F6320A4DC6FAE4AA5 /* [CP] Check Pods Manifest.lock */ = {
			isa = PBXShellScriptBuildPhase;
			buildActionMask = 2147483647;
			files = (
			);
			inputPaths = (
			);
			name = "[CP] Check Pods Manifest.lock";
			outputPaths = (
			);
			runOnlyForDeploymentPostprocessing = 0;
			shellPath = /bin/sh;
			shellScript = "diff \"${PODS_ROOT}/../Podfile.lock\" \"${PODS_ROOT}/Manifest.lock\" > /dev/null\nif [ $? != 0 ] ; then\n    # print error to STDERR\n    echo \"error: The sandbox is not in sync with the Podfile.lock. Run 'pod install' or update your CocoaPods installation.\" >&2\n    exit 1\nfi\n";
			showEnvVarsInLog = 0;
		};
		CBF01BB22B16153CE108E430 /* [CP] Copy Pods Resources */ = {
			isa = PBXShellScriptBuildPhase;
			buildActionMask = 2147483647;
			files = (
			);
			inputPaths = (
			);
			name = "[CP] Copy Pods Resources";
			outputPaths = (
			);
			runOnlyForDeploymentPostprocessing = 0;
			shellPath = /bin/sh;
			shellScript = "\"${SRCROOT}/Pods/Target Support Files/Pods-VolnaTests/Pods-VolnaTests-resources.sh\"\n";
			showEnvVarsInLog = 0;
		};
		DCD511CDB7CCC24B05C18F3D /* [CP] Copy Pods Resources */ = {
			isa = PBXShellScriptBuildPhase;
			buildActionMask = 2147483647;
			files = (
			);
			inputPaths = (
			);
			name = "[CP] Copy Pods Resources";
			outputPaths = (
			);
			runOnlyForDeploymentPostprocessing = 0;
			shellPath = /bin/sh;
			shellScript = "\"${SRCROOT}/Pods/Target Support Files/Pods-VolnaUITests/Pods-VolnaUITests-resources.sh\"\n";
			showEnvVarsInLog = 0;
		};
		EF34EFD15154161ABBCFADDC /* [CP] Check Pods Manifest.lock */ = {
			isa = PBXShellScriptBuildPhase;
			buildActionMask = 2147483647;
			files = (
			);
			inputPaths = (
			);
			name = "[CP] Check Pods Manifest.lock";
			outputPaths = (
			);
			runOnlyForDeploymentPostprocessing = 0;
			shellPath = /bin/sh;
			shellScript = "diff \"${PODS_ROOT}/../Podfile.lock\" \"${PODS_ROOT}/Manifest.lock\" > /dev/null\nif [ $? != 0 ] ; then\n    # print error to STDERR\n    echo \"error: The sandbox is not in sync with the Podfile.lock. Run 'pod install' or update your CocoaPods installation.\" >&2\n    exit 1\nfi\n";
			showEnvVarsInLog = 0;
		};
/* End PBXShellScriptBuildPhase section */

/* Begin PBXSourcesBuildPhase section */
		551062621D5E3439008D10F6 /* Sources */ = {
			isa = PBXSourcesBuildPhase;
			buildActionMask = 2147483647;
			files = (
				5510626C1D5E3439008D10F6 /* RadioViewController.swift in Sources */,
				AA6FB2DC1E3555F600FE99B4 /* StationCollectionViewCell.swift in Sources */,
				AA4DC2E71E577168000A642E /* ImageCache.swift in Sources */,
				5510626A1D5E3439008D10F6 /* AppDelegate.swift in Sources */,
				AAD40F2A1E2DA9D300FFA58E /* RadioStation.swift in Sources */,
				AA56777A1D99D77A0084EBCE /* RadioPlayer.swift in Sources */,
				AA4DC3051E577F55000A642E /* FullResImage.swift in Sources */,
				AAD40F2B1E2DA9D300FFA58E /* RadioStation+CoreDataProperties.swift in Sources */,
				AAD40F2C1E2DA9D300FFA58E /* User.swift in Sources */,
				AA4DC30E1E58C2DE000A642E /* RequestMaker.swift in Sources */,
				AA4DC2DF1E5753AF000A642E /* CALayerExtension.swift in Sources */,
				AAD40F151E2DA5B800FFA58E /* Schema.xcdatamodeld in Sources */,
				AA4DC3081E577F55000A642E /* Thumbnail+CoreDataProperties.swift in Sources */,
				AA4DC3061E577F55000A642E /* FullResImage+CoreDataProperties.swift in Sources */,
				AA4DC2E51E5758BA000A642E /* Colors.swift in Sources */,
				AA4DC2DB1E574814000A642E /* BarView.swift in Sources */,
				AA4DC2E31E5757B1000A642E /* TopBar.swift in Sources */,
				AA4DC2E11E5754A1000A642E /* BottomBar.swift in Sources */,
				AA4DC3071E577F55000A642E /* Thumbnail.swift in Sources */,
				AAD40F2D1E2DA9D300FFA58E /* User+CoreDataProperties.swift in Sources */,
				AAE01CD11E3E69C500153BA9 /* UIImageExtension.swift in Sources */,
				AA4DC30A1E57BEC1000A642E /* StringExtension.swift in Sources */,
				AAF2319C1E2D5EF500564178 /* SplashViewController.swift in Sources */,
				AA4DC3111E58C868000A642E /* Constants.swift in Sources */,
				AA4DC3131E58CB6F000A642E /* DataHandler.swift in Sources */,
			);
			runOnlyForDeploymentPostprocessing = 0;
		};
		551062761D5E3439008D10F6 /* Sources */ = {
			isa = PBXSourcesBuildPhase;
			buildActionMask = 2147483647;
			files = (
				5510627F1D5E3439008D10F6 /* VolnaTests.swift in Sources */,
			);
			runOnlyForDeploymentPostprocessing = 0;
		};
		551062811D5E3439008D10F6 /* Sources */ = {
			isa = PBXSourcesBuildPhase;
			buildActionMask = 2147483647;
			files = (
				5510628A1D5E3439008D10F6 /* VolnaUITests.swift in Sources */,
			);
			runOnlyForDeploymentPostprocessing = 0;
		};
/* End PBXSourcesBuildPhase section */

/* Begin PBXTargetDependency section */
		5510627C1D5E3439008D10F6 /* PBXTargetDependency */ = {
			isa = PBXTargetDependency;
			target = 551062651D5E3439008D10F6 /* Volna */;
			targetProxy = 5510627B1D5E3439008D10F6 /* PBXContainerItemProxy */;
		};
		551062871D5E3439008D10F6 /* PBXTargetDependency */ = {
			isa = PBXTargetDependency;
			target = 551062651D5E3439008D10F6 /* Volna */;
			targetProxy = 551062861D5E3439008D10F6 /* PBXContainerItemProxy */;
		};
/* End PBXTargetDependency section */

/* Begin PBXVariantGroup section */
		5510626D1D5E3439008D10F6 /* Main.storyboard */ = {
			isa = PBXVariantGroup;
			children = (
				5510626E1D5E3439008D10F6 /* Base */,
			);
			name = Main.storyboard;
			sourceTree = "<group>";
		};
/* End PBXVariantGroup section */

/* Begin XCBuildConfiguration section */
		5510628C1D5E3439008D10F6 /* Debug */ = {
			isa = XCBuildConfiguration;
			buildSettings = {
				ALWAYS_SEARCH_USER_PATHS = NO;
				CLANG_ANALYZER_NONNULL = YES;
				CLANG_CXX_LANGUAGE_STANDARD = "gnu++0x";
				CLANG_CXX_LIBRARY = "libc++";
				CLANG_ENABLE_MODULES = YES;
				CLANG_ENABLE_OBJC_ARC = YES;
				CLANG_WARN_BOOL_CONVERSION = YES;
				CLANG_WARN_CONSTANT_CONVERSION = YES;
				CLANG_WARN_DIRECT_OBJC_ISA_USAGE = YES_ERROR;
				CLANG_WARN_EMPTY_BODY = YES;
				CLANG_WARN_ENUM_CONVERSION = YES;
				CLANG_WARN_INFINITE_RECURSION = YES;
				CLANG_WARN_INT_CONVERSION = YES;
				CLANG_WARN_OBJC_ROOT_CLASS = YES_ERROR;
				CLANG_WARN_SUSPICIOUS_MOVE = YES;
				CLANG_WARN_UNREACHABLE_CODE = YES;
				CLANG_WARN__DUPLICATE_METHOD_MATCH = YES;
				"CODE_SIGN_IDENTITY[sdk=iphoneos*]" = "iPhone Developer";
				COPY_PHASE_STRIP = NO;
				DEBUG_INFORMATION_FORMAT = dwarf;
				ENABLE_STRICT_OBJC_MSGSEND = YES;
				ENABLE_TESTABILITY = YES;
				GCC_C_LANGUAGE_STANDARD = gnu99;
				GCC_DYNAMIC_NO_PIC = NO;
				GCC_NO_COMMON_BLOCKS = YES;
				GCC_OPTIMIZATION_LEVEL = 0;
				GCC_PREPROCESSOR_DEFINITIONS = (
					"DEBUG=1",
					"$(inherited)",
				);
				GCC_WARN_64_TO_32_BIT_CONVERSION = YES;
				GCC_WARN_ABOUT_RETURN_TYPE = YES_ERROR;
				GCC_WARN_UNDECLARED_SELECTOR = YES;
				GCC_WARN_UNINITIALIZED_AUTOS = YES_AGGRESSIVE;
				GCC_WARN_UNUSED_FUNCTION = YES;
				GCC_WARN_UNUSED_VARIABLE = YES;
				IPHONEOS_DEPLOYMENT_TARGET = 9.0;
				MTL_ENABLE_DEBUG_INFO = YES;
				ONLY_ACTIVE_ARCH = YES;
				SDKROOT = iphoneos;
				SWIFT_OPTIMIZATION_LEVEL = "-Onone";
				TARGETED_DEVICE_FAMILY = "1,2";
			};
			name = Debug;
		};
		5510628D1D5E3439008D10F6 /* Release */ = {
			isa = XCBuildConfiguration;
			buildSettings = {
				ALWAYS_SEARCH_USER_PATHS = NO;
				CLANG_ANALYZER_NONNULL = YES;
				CLANG_CXX_LANGUAGE_STANDARD = "gnu++0x";
				CLANG_CXX_LIBRARY = "libc++";
				CLANG_ENABLE_MODULES = YES;
				CLANG_ENABLE_OBJC_ARC = YES;
				CLANG_WARN_BOOL_CONVERSION = YES;
				CLANG_WARN_CONSTANT_CONVERSION = YES;
				CLANG_WARN_DIRECT_OBJC_ISA_USAGE = YES_ERROR;
				CLANG_WARN_EMPTY_BODY = YES;
				CLANG_WARN_ENUM_CONVERSION = YES;
				CLANG_WARN_INFINITE_RECURSION = YES;
				CLANG_WARN_INT_CONVERSION = YES;
				CLANG_WARN_OBJC_ROOT_CLASS = YES_ERROR;
				CLANG_WARN_SUSPICIOUS_MOVE = YES;
				CLANG_WARN_UNREACHABLE_CODE = YES;
				CLANG_WARN__DUPLICATE_METHOD_MATCH = YES;
				"CODE_SIGN_IDENTITY[sdk=iphoneos*]" = "iPhone Developer";
				COPY_PHASE_STRIP = NO;
				DEBUG_INFORMATION_FORMAT = "dwarf-with-dsym";
				ENABLE_NS_ASSERTIONS = NO;
				ENABLE_STRICT_OBJC_MSGSEND = YES;
				GCC_C_LANGUAGE_STANDARD = gnu99;
				GCC_NO_COMMON_BLOCKS = YES;
				GCC_WARN_64_TO_32_BIT_CONVERSION = YES;
				GCC_WARN_ABOUT_RETURN_TYPE = YES_ERROR;
				GCC_WARN_UNDECLARED_SELECTOR = YES;
				GCC_WARN_UNINITIALIZED_AUTOS = YES_AGGRESSIVE;
				GCC_WARN_UNUSED_FUNCTION = YES;
				GCC_WARN_UNUSED_VARIABLE = YES;
				IPHONEOS_DEPLOYMENT_TARGET = 9.0;
				MTL_ENABLE_DEBUG_INFO = NO;
				SDKROOT = iphoneos;
				SWIFT_OPTIMIZATION_LEVEL = "-Owholemodule";
				TARGETED_DEVICE_FAMILY = "1,2";
				VALIDATE_PRODUCT = YES;
			};
			name = Release;
		};
		5510628F1D5E3439008D10F6 /* Debug */ = {
			isa = XCBuildConfiguration;
			baseConfigurationReference = 73D25C3D4C24524985841E23 /* Pods-Volna.debug.xcconfig */;
			buildSettings = {
				ASSETCATALOG_COMPILER_APPICON_NAME = AppIcon;
				CLANG_ENABLE_MODULES = YES;
				CODE_SIGN_IDENTITY = "iPhone Developer";
				"CODE_SIGN_IDENTITY[sdk=iphoneos*]" = "iPhone Developer";
				INFOPLIST_FILE = Volna/Info.plist;
				LD_RUNPATH_SEARCH_PATHS = "$(inherited) @executable_path/Frameworks";
				PRODUCT_BUNDLE_IDENTIFIER = artem.Volna;
				PRODUCT_NAME = "$(TARGET_NAME)";
				PROVISIONING_PROFILE = "";
				SWIFT_OBJC_BRIDGING_HEADER = "Volna/Volna-Bridging-Header.h";
				SWIFT_OPTIMIZATION_LEVEL = "-Onone";
				SWIFT_VERSION = 3.0;
			};
			name = Debug;
		};
		551062901D5E3439008D10F6 /* Release */ = {
			isa = XCBuildConfiguration;
			baseConfigurationReference = A5CEC27A3CA45CEF3551688A /* Pods-Volna.release.xcconfig */;
			buildSettings = {
				ASSETCATALOG_COMPILER_APPICON_NAME = AppIcon;
				CLANG_ENABLE_MODULES = YES;
				CODE_SIGN_IDENTITY = "iPhone Developer";
				"CODE_SIGN_IDENTITY[sdk=iphoneos*]" = "iPhone Developer";
				INFOPLIST_FILE = Volna/Info.plist;
				LD_RUNPATH_SEARCH_PATHS = "$(inherited) @executable_path/Frameworks";
				PRODUCT_BUNDLE_IDENTIFIER = artem.Volna;
				PRODUCT_NAME = "$(TARGET_NAME)";
				PROVISIONING_PROFILE = "";
				SWIFT_OBJC_BRIDGING_HEADER = "Volna/Volna-Bridging-Header.h";
				SWIFT_VERSION = 3.0;
			};
			name = Release;
		};
		551062921D5E3439008D10F6 /* Debug */ = {
			isa = XCBuildConfiguration;
			baseConfigurationReference = 8AFD7E10569DEB8255C89C8A /* Pods-VolnaTests.debug.xcconfig */;
			buildSettings = {
				BUNDLE_LOADER = "$(TEST_HOST)";
				CLANG_ENABLE_MODULES = YES;
				INFOPLIST_FILE = VolnaTests/Info.plist;
				LD_RUNPATH_SEARCH_PATHS = "$(inherited) @executable_path/Frameworks @loader_path/Frameworks";
				PRODUCT_BUNDLE_IDENTIFIER = artem.VolnaTests;
				PRODUCT_NAME = "$(TARGET_NAME)";
				SWIFT_OPTIMIZATION_LEVEL = "-Onone";
				SWIFT_VERSION = 3.0;
				TEST_HOST = "$(BUILT_PRODUCTS_DIR)/Volna.app/Volna";
			};
			name = Debug;
		};
		551062931D5E3439008D10F6 /* Release */ = {
			isa = XCBuildConfiguration;
			baseConfigurationReference = 1E5747AC1F146FF58426CD81 /* Pods-VolnaTests.release.xcconfig */;
			buildSettings = {
				BUNDLE_LOADER = "$(TEST_HOST)";
				CLANG_ENABLE_MODULES = YES;
				INFOPLIST_FILE = VolnaTests/Info.plist;
				LD_RUNPATH_SEARCH_PATHS = "$(inherited) @executable_path/Frameworks @loader_path/Frameworks";
				PRODUCT_BUNDLE_IDENTIFIER = artem.VolnaTests;
				PRODUCT_NAME = "$(TARGET_NAME)";
				SWIFT_VERSION = 3.0;
				TEST_HOST = "$(BUILT_PRODUCTS_DIR)/Volna.app/Volna";
			};
			name = Release;
		};
		551062951D5E3439008D10F6 /* Debug */ = {
			isa = XCBuildConfiguration;
			baseConfigurationReference = 38DB9355A609CF842B5BC41E /* Pods-VolnaUITests.debug.xcconfig */;
			buildSettings = {
				CLANG_ENABLE_MODULES = YES;
				INFOPLIST_FILE = VolnaUITests/Info.plist;
				LD_RUNPATH_SEARCH_PATHS = "$(inherited) @executable_path/Frameworks @loader_path/Frameworks";
				PRODUCT_BUNDLE_IDENTIFIER = artem.VolnaUITests;
				PRODUCT_NAME = "$(TARGET_NAME)";
				SWIFT_OPTIMIZATION_LEVEL = "-Onone";
				SWIFT_VERSION = 3.0;
				TEST_TARGET_NAME = Volna;
			};
			name = Debug;
		};
		551062961D5E3439008D10F6 /* Release */ = {
			isa = XCBuildConfiguration;
			baseConfigurationReference = D2FA73118DEE68E0DA308B50 /* Pods-VolnaUITests.release.xcconfig */;
			buildSettings = {
				CLANG_ENABLE_MODULES = YES;
				INFOPLIST_FILE = VolnaUITests/Info.plist;
				LD_RUNPATH_SEARCH_PATHS = "$(inherited) @executable_path/Frameworks @loader_path/Frameworks";
				PRODUCT_BUNDLE_IDENTIFIER = artem.VolnaUITests;
				PRODUCT_NAME = "$(TARGET_NAME)";
				SWIFT_VERSION = 3.0;
				TEST_TARGET_NAME = Volna;
			};
			name = Release;
		};
/* End XCBuildConfiguration section */

/* Begin XCConfigurationList section */
		551062611D5E3439008D10F6 /* Build configuration list for PBXProject "Volna" */ = {
			isa = XCConfigurationList;
			buildConfigurations = (
				5510628C1D5E3439008D10F6 /* Debug */,
				5510628D1D5E3439008D10F6 /* Release */,
			);
			defaultConfigurationIsVisible = 0;
			defaultConfigurationName = Debug;
		};
		5510628E1D5E3439008D10F6 /* Build configuration list for PBXNativeTarget "Volna" */ = {
			isa = XCConfigurationList;
			buildConfigurations = (
				5510628F1D5E3439008D10F6 /* Debug */,
				551062901D5E3439008D10F6 /* Release */,
			);
			defaultConfigurationIsVisible = 0;
			defaultConfigurationName = Debug;
		};
		551062911D5E3439008D10F6 /* Build configuration list for PBXNativeTarget "VolnaTests" */ = {
			isa = XCConfigurationList;
			buildConfigurations = (
				551062921D5E3439008D10F6 /* Debug */,
				551062931D5E3439008D10F6 /* Release */,
			);
			defaultConfigurationIsVisible = 0;
			defaultConfigurationName = Debug;
		};
		551062941D5E3439008D10F6 /* Build configuration list for PBXNativeTarget "VolnaUITests" */ = {
			isa = XCConfigurationList;
			buildConfigurations = (
				551062951D5E3439008D10F6 /* Debug */,
				551062961D5E3439008D10F6 /* Release */,
			);
			defaultConfigurationIsVisible = 0;
			defaultConfigurationName = Debug;
		};
/* End XCConfigurationList section */

/* Begin XCVersionGroup section */
		AAD40F131E2DA5B800FFA58E /* Schema.xcdatamodeld */ = {
			isa = XCVersionGroup;
			children = (
				AAD40F141E2DA5B800FFA58E /* Schema.xcdatamodel */,
			);
			currentVersion = AAD40F141E2DA5B800FFA58E /* Schema.xcdatamodel */;
			path = Schema.xcdatamodeld;
			sourceTree = "<group>";
			versionGroupType = wrapper.xcdatamodel;
		};
/* End XCVersionGroup section */
	};
	rootObject = 5510625E1D5E3439008D10F6 /* Project object */;
}
