PODS:
  - Firebase (4.8.2):
    - Firebase/Core (= 4.8.2)
  - Firebase/Core (4.8.2):
    - FirebaseAnalytics (= 4.0.9)
    - FirebaseCore (= 4.0.14)
  - Firebase/Crash (4.8.2):
    - Firebase/Core
    - FirebaseCrash (= 2.0.2)
  - Firebase/Messaging (4.8.2):
    - Firebase/Core
    - FirebaseMessaging (= 2.0.8)
  - FirebaseAnalytics (4.0.9):
    - FirebaseCore (~> 4.0)
    - FirebaseInstanceID (~> 2.0)
    - GoogleToolboxForMac/NSData+zlib (~> 2.1)
    - nanopb (~> 0.3)
  - FirebaseCore (4.0.14):
    - GoogleToolboxForMac/NSData+zlib (~> 2.1)
  - FirebaseCrash (2.0.2):
    - FirebaseAnalytics (~> 4.0)
    - FirebaseInstanceID (~> 2.0)
    - GoogleToolboxForMac/Logger (~> 2.1)
    - GoogleToolboxForMac/NSData+zlib (~> 2.1)
    - Protobuf (~> 3.1)
  - FirebaseInstanceID (2.0.8):
    - FirebaseCore (~> 4.0)
  - FirebaseMessaging (2.0.8):
    - FirebaseAnalytics (~> 4.0)
    - FirebaseCore (~> 4.0)
    - FirebaseInstanceID (~> 2.0)
    - GoogleToolboxForMac/Logger (~> 2.1)
    - Protobuf (~> 3.1)
  - GoogleToolboxForMac/Defines (2.1.3)
  - GoogleToolboxForMac/Logger (2.1.3):
    - GoogleToolboxForMac/Defines (= 2.1.3)
  - GoogleToolboxForMac/NSData+zlib (2.1.3):
    - GoogleToolboxForMac/Defines (= 2.1.3)
  - MarqueeLabel/Swift (3.1.4)
  - mopub-ios-sdk (4.19.0):
    - mopub-ios-sdk/MoPubSDK (= 4.19.0)
  - mopub-ios-sdk/Avid (4.19.0):
    - mopub-ios-sdk/Core
  - mopub-ios-sdk/Core (4.19.0)
  - mopub-ios-sdk/Moat (4.19.0):
    - mopub-ios-sdk/Core
  - mopub-ios-sdk/MoPubSDK (4.19.0):
    - mopub-ios-sdk/Avid
    - mopub-ios-sdk/Core
    - mopub-ios-sdk/Moat
  - nanopb (0.3.8):
    - nanopb/decode (= 0.3.8)
    - nanopb/encode (= 0.3.8)
  - nanopb/decode (0.3.8)
  - nanopb/encode (0.3.8)
  - Protobuf (3.5.0)
  - Reachability (3.2)
  - SCLAlertView (0.7.0)
  - SwiftMonkey (2.0.0)

DEPENDENCIES:
  - Firebase
  - Firebase/Core
  - Firebase/Crash
  - Firebase/Messaging
  - MarqueeLabel/Swift
  - mopub-ios-sdk
  - Reachability
  - SCLAlertView
  - SwiftMonkey

SPEC CHECKSUMS:
  Firebase: 7d3b8cd837ad9fcd391657734c0d56dab8e9a5a3
  FirebaseAnalytics: 388b630c15713f5dbf364071f5f3d6077fb52f4e
  FirebaseCore: 2e0b98fb2d64ca8140136beff15772bdd14d2dd7
  FirebaseCrash: cded0fc566c03651aea606a101bc156085f333ca
  FirebaseInstanceID: 81df5805a08001e69138664bdd02c6719a9ac80f
  FirebaseMessaging: dfdcd307c2382290a1e297a81d0f18370f5b1bcd
  GoogleToolboxForMac: 2501e2ad72a52eb3dfe7bd9aee7dad11b858bd20
  MarqueeLabel: bf768455fe88d427f71476ebb23f9092b660f40b
  mopub-ios-sdk: ffbe414adf2fb7717d999020a3ff51d908da599f
  nanopb: 5601e6bca2dbf1ed831b519092ec110f66982ca3
  Protobuf: 8a9838fba8dae3389230e1b7f8c104aa32389c03
  Reachability: 33e18b67625424e47b6cde6d202dce689ad7af96
  SCLAlertView: 8a14ffc40590c619e183eed2298b854385f30be1
  SwiftMonkey: af20769b743ff289c997fd1ce756d656ebfad137

PODFILE CHECKSUM: 3f93935db7491619a52b3f37e1ae5a344dbeb267

COCOAPODS: 1.2.0
